// !$*UTF8*$!
{
	archiveVersion = 1;
	classes = {
	};
	objectVersion = 46;
	objects = {

/* Begin PBXGroup section */
		879ADEB11D98C3C9008E7735 = {
			isa = PBXGroup;
			children = (
			);
			sourceTree = "<group>";
		};
/* End PBXGroup section */

/* Begin PBXProject section */
		879ADEB21D98C3C9008E7735 /* Project object */ = {
			isa = PBXProject;
			attributes = {
				LastUpgradeCheck = 0800;
			};
			buildConfigurationList = 879ADEB51D98C3C9008E7735 /* Build configuration list for PBXProject "RingCentral" */;
			compatibilityVersion = "Xcode 3.2";
			developmentRegion = English;
			hasScannedForEncodings = 0;
			knownRegions = (
				en,
			);
			mainGroup = 879ADEB11D98C3C9008E7735;
			projectDirPath = "";
			projectRoot = "";
			targets = (
			);
		};
/* End PBXProject section */

/* Begin XCBuildConfiguration section */
		879ADEB61D98C3C9008E7735 /* Debug */ = {
			isa = XCBuildConfiguration;
			buildSettings = {
			};
			name = Debug;
		};
		879ADEB71D98C3C9008E7735 /* Release */ = {
			isa = XCBuildConfiguration;
			buildSettings = {
			};
			name = Release;
		};
/* End XCBuildConfiguration section */

/* Begin XCConfigurationList section */
		879ADEB51D98C3C9008E7735 /* Build configuration list for PBXProject "RingCentral" */ = {
			isa = XCConfigurationList;
			buildConfigurations = (
				879ADEB61D98C3C9008E7735 /* Debug */,
				879ADEB71D98C3C9008E7735 /* Release */,
			);
			defaultConfigurationIsVisible = 0;
			defaultConfigurationName = Release;
		};
/* End XCConfigurationList section */
	};
	rootObject = 879ADEB21D98C3C9008E7735 /* Project object */;
}
